<?xml version="1.0" encoding="utf-8"?>
<Project ToolsVersion="4.0" xmlns="http://schemas.microsoft.com/developer/msbuild/2003">
  <ItemGroup>
    <Filter Include="Source Files">
      <UniqueIdentifier>{4FC737F1-C7A5-4376-A066-2A32D752A2FF}</UniqueIdentifier>
      <Extensions>cpp;c;cc;cxx;def;odl;idl;hpj;bat;asm;asmx</Extensions>
    </Filter>
    <Filter Include="Header Files">
      <UniqueIdentifier>{93995380-89BD-4b04-88EB-625FBE52EBFB}</UniqueIdentifier>
      <Extensions>h;hh;hpp;hxx;hm;inl;inc;ipp;xsd</Extensions>
    </Filter>
    <Filter Include="Resource Files">
      <UniqueIdentifier>{67DA6AB6-F800-4c08-8B7A-83BB121AAD01}</UniqueIdentifier>
      <Extensions>rc;ico;cur;bmp;dlg;rc2;rct;bin;rgs;gif;jpg;jpeg;jpe;resx;tiff;tif;png;wav;mfcribbon-ms</Extensions>
    </Filter>
  </ItemGroup>
  <ItemGroup>
    <ClInclude Include="stdafx.h">
      <Filter>Header Files</Filter>
    </ClInclude>
    <ClInclude Include="targetver.h">
      <Filter>Header Files</Filter>
    </ClInclude>
    <ClInclude Include="Patcher.h">
      <Filter>Header Files</Filter>
    </ClInclude>
    <ClInclude Include="Utils.h">
      <Filter>Header Files</Filter>
    </ClInclude>
    <ClInclude Include="RSDeviceCollection.h">
      <Filter>Header Files</Filter>
    </ClInclude>
    <ClInclude Include="dllmain.h">
      <Filter>Header Files</Filter>
    </ClInclude>
    <ClInclude Include="AsioHelpers.h">
      <Filter>Header Files</Filter>
    </ClInclude>
    <ClInclude Include="asio.h">
      <Filter>Header Files</Filter>
    </ClInclude>
    <ClInclude Include="AsioSharedHost.h">
      <Filter>Header Files</Filter>
    </ClInclude>
    <ClInclude Include="RSAsioDeviceEnum.h">
      <Filter>Header Files</Filter>
    </ClInclude>
    <ClInclude Include="RSBaseDeviceEnum.h">
      <Filter>Header Files</Filter>
    </ClInclude>
    <ClInclude Include="RSAggregatorDeviceEnum.h">
      <Filter>Header Files</Filter>
    </ClInclude>
    <ClInclude Include="RSAsioDevice.h">
      <Filter>Header Files</Filter>
    </ClInclude>
    <ClInclude Include="RSAsioDevicePropertyStore.h">
      <Filter>Header Files</Filter>
    </ClInclude>
    <ClInclude Include="ComBaseUnknown.h">
      <Filter>Header Files</Filter>
    </ClInclude>
    <ClInclude Include="RSAsioAudioClient.h">
      <Filter>Header Files</Filter>
    </ClInclude>
    <ClInclude Include="TrampolineToMethod.h">
      <Filter>Header Files</Filter>
    </ClInclude>
    <ClInclude Include="RSAsioAudioRenderClient.h">
      <Filter>Header Files</Filter>
    </ClInclude>
    <ClInclude Include="RSAsioAudioCaptureClient.h">
      <Filter>Header Files</Filter>
    </ClInclude>
    <ClInclude Include="DebugWrapperDevice.h">
      <Filter>Header Files</Filter>
    </ClInclude>
    <ClInclude Include="DebugWrapperAudioClient.h">
      <Filter>Header Files</Filter>
    </ClInclude>
    <ClInclude Include="DebugWrapperDevicePropertyStore.h">
      <Filter>Header Files</Filter>
    </ClInclude>
    <ClInclude Include="DebugWrapperEndpoint.h">
      <Filter>Header Files</Filter>
    </ClInclude>
    <ClInclude Include="RSAsioAudioEndpointVolume.h">
      <Filter>Header Files</Filter>
    </ClInclude>
    <ClInclude Include="DebugWrapperAudioEndpointVolume.h">
      <Filter>Header Files</Filter>
    </ClInclude>
    <ClInclude Include="Configurator.h">
      <Filter>Header Files</Filter>
    </ClInclude>
    <ClInclude Include="function_traits.h">
      <Filter>Header Files</Filter>
    </ClInclude>
    <ClInclude Include="DebugDeviceEnum.h">
      <Filter>Header Files</Filter>
    </ClInclude>
    <ClInclude Include="Log.h">
      <Filter>Header Files</Filter>
    </ClInclude>
  </ItemGroup>
  <ItemGroup>
    <ClCompile Include="stdafx.cpp">
      <Filter>Source Files</Filter>
    </ClCompile>
    <ClCompile Include="dllmain.cpp">
      <Filter>Source Files</Filter>
    </ClCompile>
    <ClCompile Include="Patcher.cpp">
      <Filter>Source Files</Filter>
    </ClCompile>
    <ClCompile Include="Utils.cpp">
      <Filter>Source Files</Filter>
    </ClCompile>
    <ClCompile Include="RSDeviceCollection.cpp">
      <Filter>Source Files</Filter>
    </ClCompile>
    <ClCompile Include="AsioHelpers.cpp">
      <Filter>Source Files</Filter>
    </ClCompile>
    <ClCompile Include="AsioSharedHost.cpp">
      <Filter>Source Files</Filter>
    </ClCompile>
    <ClCompile Include="RSAsioDeviceEnum.cpp">
      <Filter>Source Files</Filter>
    </ClCompile>
    <ClCompile Include="RSBaseDeviceEnum.cpp">
      <Filter>Source Files</Filter>
    </ClCompile>
    <ClCompile Include="RSAggregatorDeviceEnum.cpp">
      <Filter>Source Files</Filter>
    </ClCompile>
    <ClCompile Include="RSAsioDevice.cpp">
      <Filter>Source Files</Filter>
    </ClCompile>
    <ClCompile Include="RSAsioDevicePropertyStore.cpp">
      <Filter>Source Files</Filter>
    </ClCompile>
    <ClCompile Include="RSAsioAudioClient.cpp">
      <Filter>Source Files</Filter>
    </ClCompile>
    <ClCompile Include="RSAsioAudioRenderClient.cpp">
      <Filter>Source Files</Filter>
    </ClCompile>
    <ClCompile Include="RSAsioAudioCaptureClient.cpp">
      <Filter>Source Files</Filter>
    </ClCompile>
    <ClCompile Include="DebugWrapperDevice.cpp">
      <Filter>Source Files</Filter>
    </ClCompile>
    <ClCompile Include="DebugWrapperAudioClient.cpp">
      <Filter>Source Files</Filter>
    </ClCompile>
    <ClCompile Include="DebugWrapperDevicePropertyStore.cpp">
      <Filter>Source Files</Filter>
    </ClCompile>
    <ClCompile Include="DebugWrapperEndpoint.cpp">
      <Filter>Source Files</Filter>
    </ClCompile>
    <ClCompile Include="RSAsioAudioEndpointVolume.cpp">
      <Filter>Source Files</Filter>
    </ClCompile>
    <ClCompile Include="DebugWrapperAudioEndpointVolume.cpp">
      <Filter>Source Files</Filter>
    </ClCompile>
    <ClCompile Include="Configurator.cpp">
      <Filter>Source Files</Filter>
    </ClCompile>
    <ClCompile Include="DebugDeviceEnum.cpp">
      <Filter>Source Files</Filter>
    </ClCompile>
    <ClCompile Include="Log.cpp">
      <Filter>Source Files</Filter>
    </ClCompile>
  </ItemGroup>
  <ItemGroup>
    <None Include="exports.def">
      <Filter>Source Files</Filter>
    </None>
  </ItemGroup>
</Project>